// !$*UTF8*$!
{
	archiveVersion = 1;
	classes = {
	};
	objectVersion = 50;
	objects = {

/* Begin PBXBuildFile section */
		57262E9A253DBE3D000CAA23 /* AppDelegate.swift in Sources */ = {isa = PBXBuildFile; fileRef = 57262E99253DBE3D000CAA23 /* AppDelegate.swift */; };
		57262E9C253DBE3D000CAA23 /* SceneDelegate.swift in Sources */ = {isa = PBXBuildFile; fileRef = 57262E9B253DBE3D000CAA23 /* SceneDelegate.swift */; };
		57262E9E253DBE3D000CAA23 /* DetailViewController.swift in Sources */ = {isa = PBXBuildFile; fileRef = 57262E9D253DBE3D000CAA23 /* DetailViewController.swift */; };
		57262EA4253DBE3D000CAA23 /* Core_Data_and_CloudKit_Guide.xcdatamodeld in Sources */ = {isa = PBXBuildFile; fileRef = 57262EA2253DBE3D000CAA23 /* Core_Data_and_CloudKit_Guide.xcdatamodeld */; };
		57262EA6253DBE40000CAA23 /* Assets.xcassets in Resources */ = {isa = PBXBuildFile; fileRef = 57262EA5253DBE40000CAA23 /* Assets.xcassets */; };
		57262EB4253DBE40000CAA23 /* Core_Data_and_CloudKit_GuideTests.swift in Sources */ = {isa = PBXBuildFile; fileRef = 57262EB3253DBE40000CAA23 /* Core_Data_and_CloudKit_GuideTests.swift */; };
		57262EBF253DBE40000CAA23 /* Core_Data_and_CloudKit_GuideUITests.swift in Sources */ = {isa = PBXBuildFile; fileRef = 57262EBE253DBE40000CAA23 /* Core_Data_and_CloudKit_GuideUITests.swift */; };
		57262EDC253DC690000CAA23 /* CloudKit.framework in Frameworks */ = {isa = PBXBuildFile; fileRef = 57262EDB253DC690000CAA23 /* CloudKit.framework */; };
		572A786D253F2B1E00C85FC2 /* Run+CoreDataClass.swift in Sources */ = {isa = PBXBuildFile; fileRef = 572A7869253F2B1E00C85FC2 /* Run+CoreDataClass.swift */; };
		572A786E253F2B1E00C85FC2 /* Run+CoreDataProperties.swift in Sources */ = {isa = PBXBuildFile; fileRef = 572A786A253F2B1E00C85FC2 /* Run+CoreDataProperties.swift */; };
		572A786F253F2B1E00C85FC2 /* Segment+CoreDataClass.swift in Sources */ = {isa = PBXBuildFile; fileRef = 572A786B253F2B1E00C85FC2 /* Segment+CoreDataClass.swift */; };
		572A7870253F2B1E00C85FC2 /* Segment+CoreDataProperties.swift in Sources */ = {isa = PBXBuildFile; fileRef = 572A786C253F2B1E00C85FC2 /* Segment+CoreDataProperties.swift */; };
		572A788A253F2DC600C85FC2 /* ListingViewController.swift in Sources */ = {isa = PBXBuildFile; fileRef = 572A7889253F2DC600C85FC2 /* ListingViewController.swift */; };
		572A7892253F2E1D00C85FC2 /* DetailView.swift in Sources */ = {isa = PBXBuildFile; fileRef = 572A7891253F2E1D00C85FC2 /* DetailView.swift */; };
		572A7897253F2E2800C85FC2 /* ListingView.swift in Sources */ = {isa = PBXBuildFile; fileRef = 572A7896253F2E2800C85FC2 /* ListingView.swift */; };
		573F54D2254065CC00470D24 /* RunTableViewCell.swift in Sources */ = {isa = PBXBuildFile; fileRef = 573F54D1254065CC00470D24 /* RunTableViewCell.swift */; };
		573F54D72540714900470D24 /* AddEditViewController.swift in Sources */ = {isa = PBXBuildFile; fileRef = 573F54D62540714900470D24 /* AddEditViewController.swift */; };
		573F54DC254071D700470D24 /* AddEditView.swift in Sources */ = {isa = PBXBuildFile; fileRef = 573F54DB254071D700470D24 /* AddEditView.swift */; };
/* End PBXBuildFile section */

/* Begin PBXContainerItemProxy section */
		57262EB0253DBE40000CAA23 /* PBXContainerItemProxy */ = {
			isa = PBXContainerItemProxy;
			containerPortal = 57262E8E253DBE3D000CAA23 /* Project object */;
			proxyType = 1;
			remoteGlobalIDString = 57262E95253DBE3D000CAA23;
			remoteInfo = "Core Data and CloudKit Guide";
		};
		57262EBB253DBE40000CAA23 /* PBXContainerItemProxy */ = {
			isa = PBXContainerItemProxy;
			containerPortal = 57262E8E253DBE3D000CAA23 /* Project object */;
			proxyType = 1;
			remoteGlobalIDString = 57262E95253DBE3D000CAA23;
			remoteInfo = "Core Data and CloudKit Guide";
		};
/* End PBXContainerItemProxy section */

/* Begin PBXFileReference section */
		57262E96253DBE3D000CAA23 /* Core Data and CloudKit Guide.app */ = {isa = PBXFileReference; explicitFileType = wrapper.application; includeInIndex = 0; path = "Core Data and CloudKit Guide.app"; sourceTree = BUILT_PRODUCTS_DIR; };
		57262E99253DBE3D000CAA23 /* AppDelegate.swift */ = {isa = PBXFileReference; lastKnownFileType = sourcecode.swift; path = AppDelegate.swift; sourceTree = "<group>"; };
		57262E9B253DBE3D000CAA23 /* SceneDelegate.swift */ = {isa = PBXFileReference; lastKnownFileType = sourcecode.swift; path = SceneDelegate.swift; sourceTree = "<group>"; };
		57262E9D253DBE3D000CAA23 /* DetailViewController.swift */ = {isa = PBXFileReference; lastKnownFileType = sourcecode.swift; path = DetailViewController.swift; sourceTree = "<group>"; };
		57262EA3253DBE3D000CAA23 /* Core_Data_and_CloudKit_Guide.xcdatamodel */ = {isa = PBXFileReference; lastKnownFileType = wrapper.xcdatamodel; path = Core_Data_and_CloudKit_Guide.xcdatamodel; sourceTree = "<group>"; };
		57262EA5253DBE40000CAA23 /* Assets.xcassets */ = {isa = PBXFileReference; lastKnownFileType = folder.assetcatalog; path = Assets.xcassets; sourceTree = "<group>"; };
		57262EAA253DBE40000CAA23 /* Info.plist */ = {isa = PBXFileReference; lastKnownFileType = text.plist.xml; path = Info.plist; sourceTree = "<group>"; };
		57262EAF253DBE40000CAA23 /* Core Data and CloudKit GuideTests.xctest */ = {isa = PBXFileReference; explicitFileType = wrapper.cfbundle; includeInIndex = 0; path = "Core Data and CloudKit GuideTests.xctest"; sourceTree = BUILT_PRODUCTS_DIR; };
		57262EB3253DBE40000CAA23 /* Core_Data_and_CloudKit_GuideTests.swift */ = {isa = PBXFileReference; lastKnownFileType = sourcecode.swift; path = Core_Data_and_CloudKit_GuideTests.swift; sourceTree = "<group>"; };
		57262EB5253DBE40000CAA23 /* Info.plist */ = {isa = PBXFileReference; lastKnownFileType = text.plist.xml; path = Info.plist; sourceTree = "<group>"; };
		57262EBA253DBE40000CAA23 /* Core Data and CloudKit GuideUITests.xctest */ = {isa = PBXFileReference; explicitFileType = wrapper.cfbundle; includeInIndex = 0; path = "Core Data and CloudKit GuideUITests.xctest"; sourceTree = BUILT_PRODUCTS_DIR; };
		57262EBE253DBE40000CAA23 /* Core_Data_and_CloudKit_GuideUITests.swift */ = {isa = PBXFileReference; lastKnownFileType = sourcecode.swift; path = Core_Data_and_CloudKit_GuideUITests.swift; sourceTree = "<group>"; };
		57262EC0253DBE40000CAA23 /* Info.plist */ = {isa = PBXFileReference; lastKnownFileType = text.plist.xml; path = Info.plist; sourceTree = "<group>"; };
		57262ED9253DC68B000CAA23 /* Core Data and CloudKit Guide.entitlements */ = {isa = PBXFileReference; lastKnownFileType = text.plist.entitlements; path = "Core Data and CloudKit Guide.entitlements"; sourceTree = "<group>"; };
		57262EDB253DC690000CAA23 /* CloudKit.framework */ = {isa = PBXFileReference; lastKnownFileType = wrapper.framework; name = CloudKit.framework; path = System/Library/Frameworks/CloudKit.framework; sourceTree = SDKROOT; };
		572A7869253F2B1E00C85FC2 /* Run+CoreDataClass.swift */ = {isa = PBXFileReference; lastKnownFileType = sourcecode.swift; path = "Run+CoreDataClass.swift"; sourceTree = "<group>"; };
		572A786A253F2B1E00C85FC2 /* Run+CoreDataProperties.swift */ = {isa = PBXFileReference; lastKnownFileType = sourcecode.swift; path = "Run+CoreDataProperties.swift"; sourceTree = "<group>"; };
		572A786B253F2B1E00C85FC2 /* Segment+CoreDataClass.swift */ = {isa = PBXFileReference; lastKnownFileType = sourcecode.swift; path = "Segment+CoreDataClass.swift"; sourceTree = "<group>"; };
		572A786C253F2B1E00C85FC2 /* Segment+CoreDataProperties.swift */ = {isa = PBXFileReference; lastKnownFileType = sourcecode.swift; path = "Segment+CoreDataProperties.swift"; sourceTree = "<group>"; };
		572A7889253F2DC600C85FC2 /* ListingViewController.swift */ = {isa = PBXFileReference; lastKnownFileType = sourcecode.swift; path = ListingViewController.swift; sourceTree = "<group>"; };
		572A7891253F2E1D00C85FC2 /* DetailView.swift */ = {isa = PBXFileReference; lastKnownFileType = sourcecode.swift; path = DetailView.swift; sourceTree = "<group>"; };
		572A7896253F2E2800C85FC2 /* ListingView.swift */ = {isa = PBXFileReference; lastKnownFileType = sourcecode.swift; path = ListingView.swift; sourceTree = "<group>"; };
		573F54D1254065CC00470D24 /* RunTableViewCell.swift */ = {isa = PBXFileReference; lastKnownFileType = sourcecode.swift; path = RunTableViewCell.swift; sourceTree = "<group>"; };
		573F54D62540714900470D24 /* AddEditViewController.swift */ = {isa = PBXFileReference; lastKnownFileType = sourcecode.swift; path = AddEditViewController.swift; sourceTree = "<group>"; };
		573F54DB254071D700470D24 /* AddEditView.swift */ = {isa = PBXFileReference; lastKnownFileType = sourcecode.swift; path = AddEditView.swift; sourceTree = "<group>"; };
/* End PBXFileReference section */

/* Begin PBXFrameworksBuildPhase section */
		57262E93253DBE3D000CAA23 /* Frameworks */ = {
			isa = PBXFrameworksBuildPhase;
			buildActionMask = 2147483647;
			files = (
				57262EDC253DC690000CAA23 /* CloudKit.framework in Frameworks */,
			);
			runOnlyForDeploymentPostprocessing = 0;
		};
		57262EAC253DBE40000CAA23 /* Frameworks */ = {
			isa = PBXFrameworksBuildPhase;
			buildActionMask = 2147483647;
			files = (
			);
			runOnlyForDeploymentPostprocessing = 0;
		};
		57262EB7253DBE40000CAA23 /* Frameworks */ = {
			isa = PBXFrameworksBuildPhase;
			buildActionMask = 2147483647;
			files = (
			);
			runOnlyForDeploymentPostprocessing = 0;
		};
/* End PBXFrameworksBuildPhase section */

/* Begin PBXGroup section */
		57262E8D253DBE3D000CAA23 = {
			isa = PBXGroup;
			children = (
				57262E98253DBE3D000CAA23 /* Core Data and CloudKit Guide */,
				57262EB2253DBE40000CAA23 /* Core Data and CloudKit GuideTests */,
				57262EBD253DBE40000CAA23 /* Core Data and CloudKit GuideUITests */,
				57262E97253DBE3D000CAA23 /* Products */,
				57262EDA253DC690000CAA23 /* Frameworks */,
			);
			sourceTree = "<group>";
		};
		57262E97253DBE3D000CAA23 /* Products */ = {
			isa = PBXGroup;
			children = (
				57262E96253DBE3D000CAA23 /* Core Data and CloudKit Guide.app */,
				57262EAF253DBE40000CAA23 /* Core Data and CloudKit GuideTests.xctest */,
				57262EBA253DBE40000CAA23 /* Core Data and CloudKit GuideUITests.xctest */,
			);
			name = Products;
			sourceTree = "<group>";
		};
		57262E98253DBE3D000CAA23 /* Core Data and CloudKit Guide */ = {
			isa = PBXGroup;
			children = (
				572A7879253F2BA800C85FC2 /* Controller */,
				572A7878253F2B9D00C85FC2 /* View */,
				572A7874253F2B2500C85FC2 /* Model */,
				57262EA5253DBE40000CAA23 /* Assets.xcassets */,
				57262EAA253DBE40000CAA23 /* Info.plist */,
				57262ED9253DC68B000CAA23 /* Core Data and CloudKit Guide.entitlements */,
				57262EA2253DBE3D000CAA23 /* Core_Data_and_CloudKit_Guide.xcdatamodeld */,
			);
			path = "Core Data and CloudKit Guide";
			sourceTree = "<group>";
		};
		57262EB2253DBE40000CAA23 /* Core Data and CloudKit GuideTests */ = {
			isa = PBXGroup;
			children = (
				57262EB3253DBE40000CAA23 /* Core_Data_and_CloudKit_GuideTests.swift */,
				57262EB5253DBE40000CAA23 /* Info.plist */,
			);
			path = "Core Data and CloudKit GuideTests";
			sourceTree = "<group>";
		};
		57262EBD253DBE40000CAA23 /* Core Data and CloudKit GuideUITests */ = {
			isa = PBXGroup;
			children = (
				57262EBE253DBE40000CAA23 /* Core_Data_and_CloudKit_GuideUITests.swift */,
				57262EC0253DBE40000CAA23 /* Info.plist */,
			);
			path = "Core Data and CloudKit GuideUITests";
			sourceTree = "<group>";
		};
		57262EDA253DC690000CAA23 /* Frameworks */ = {
			isa = PBXGroup;
			children = (
				57262EDB253DC690000CAA23 /* CloudKit.framework */,
			);
			name = Frameworks;
			sourceTree = "<group>";
		};
		572A7874253F2B2500C85FC2 /* Model */ = {
			isa = PBXGroup;
			children = (
				572A7869253F2B1E00C85FC2 /* Run+CoreDataClass.swift */,
				572A786A253F2B1E00C85FC2 /* Run+CoreDataProperties.swift */,
				572A786B253F2B1E00C85FC2 /* Segment+CoreDataClass.swift */,
				572A786C253F2B1E00C85FC2 /* Segment+CoreDataProperties.swift */,
			);
			path = Model;
			sourceTree = "<group>";
		};
		572A7878253F2B9D00C85FC2 /* View */ = {
			isa = PBXGroup;
			children = (
				572A7891253F2E1D00C85FC2 /* DetailView.swift */,
				572A7896253F2E2800C85FC2 /* ListingView.swift */,
				573F54D1254065CC00470D24 /* RunTableViewCell.swift */,
				573F54DB254071D700470D24 /* AddEditView.swift */,
			);
			path = View;
			sourceTree = "<group>";
		};
		572A7879253F2BA800C85FC2 /* Controller */ = {
			isa = PBXGroup;
			children = (
				57262E99253DBE3D000CAA23 /* AppDelegate.swift */,
				57262E9B253DBE3D000CAA23 /* SceneDelegate.swift */,
				57262E9D253DBE3D000CAA23 /* DetailViewController.swift */,
				572A7889253F2DC600C85FC2 /* ListingViewController.swift */,
				573F54D62540714900470D24 /* AddEditViewController.swift */,
			);
			path = Controller;
			sourceTree = "<group>";
		};
/* End PBXGroup section */

/* Begin PBXNativeTarget section */
		57262E95253DBE3D000CAA23 /* Core Data and CloudKit Guide */ = {
			isa = PBXNativeTarget;
			buildConfigurationList = 57262EC3253DBE40000CAA23 /* Build configuration list for PBXNativeTarget "Core Data and CloudKit Guide" */;
			buildPhases = (
				57262E92253DBE3D000CAA23 /* Sources */,
				57262E93253DBE3D000CAA23 /* Frameworks */,
				57262E94253DBE3D000CAA23 /* Resources */,
			);
			buildRules = (
			);
			dependencies = (
			);
			name = "Core Data and CloudKit Guide";
			productName = "Core Data and CloudKit Guide";
			productReference = 57262E96253DBE3D000CAA23 /* Core Data and CloudKit Guide.app */;
			productType = "com.apple.product-type.application";
		};
		57262EAE253DBE40000CAA23 /* Core Data and CloudKit GuideTests */ = {
			isa = PBXNativeTarget;
			buildConfigurationList = 57262EC6253DBE40000CAA23 /* Build configuration list for PBXNativeTarget "Core Data and CloudKit GuideTests" */;
			buildPhases = (
				57262EAB253DBE40000CAA23 /* Sources */,
				57262EAC253DBE40000CAA23 /* Frameworks */,
				57262EAD253DBE40000CAA23 /* Resources */,
			);
			buildRules = (
			);
			dependencies = (
				57262EB1253DBE40000CAA23 /* PBXTargetDependency */,
			);
			name = "Core Data and CloudKit GuideTests";
			productName = "Core Data and CloudKit GuideTests";
			productReference = 57262EAF253DBE40000CAA23 /* Core Data and CloudKit GuideTests.xctest */;
			productType = "com.apple.product-type.bundle.unit-test";
		};
		57262EB9253DBE40000CAA23 /* Core Data and CloudKit GuideUITests */ = {
			isa = PBXNativeTarget;
			buildConfigurationList = 57262EC9253DBE40000CAA23 /* Build configuration list for PBXNativeTarget "Core Data and CloudKit GuideUITests" */;
			buildPhases = (
				57262EB6253DBE40000CAA23 /* Sources */,
				57262EB7253DBE40000CAA23 /* Frameworks */,
				57262EB8253DBE40000CAA23 /* Resources */,
			);
			buildRules = (
			);
			dependencies = (
				57262EBC253DBE40000CAA23 /* PBXTargetDependency */,
			);
			name = "Core Data and CloudKit GuideUITests";
			productName = "Core Data and CloudKit GuideUITests";
			productReference = 57262EBA253DBE40000CAA23 /* Core Data and CloudKit GuideUITests.xctest */;
			productType = "com.apple.product-type.bundle.ui-testing";
		};
/* End PBXNativeTarget section */

/* Begin PBXProject section */
		57262E8E253DBE3D000CAA23 /* Project object */ = {
			isa = PBXProject;
			attributes = {
				LastSwiftUpdateCheck = 1200;
				LastUpgradeCheck = 1200;
				TargetAttributes = {
					57262E95253DBE3D000CAA23 = {
						CreatedOnToolsVersion = 12.0.1;
					};
					57262EAE253DBE40000CAA23 = {
						CreatedOnToolsVersion = 12.0.1;
						TestTargetID = 57262E95253DBE3D000CAA23;
					};
					57262EB9253DBE40000CAA23 = {
						CreatedOnToolsVersion = 12.0.1;
						TestTargetID = 57262E95253DBE3D000CAA23;
					};
				};
			};
			buildConfigurationList = 57262E91253DBE3D000CAA23 /* Build configuration list for PBXProject "Core Data and CloudKit Guide" */;
			compatibilityVersion = "Xcode 9.3";
			developmentRegion = en;
			hasScannedForEncodings = 0;
			knownRegions = (
				en,
				Base,
			);
			mainGroup = 57262E8D253DBE3D000CAA23;
			productRefGroup = 57262E97253DBE3D000CAA23 /* Products */;
			projectDirPath = "";
			projectRoot = "";
			targets = (
				57262E95253DBE3D000CAA23 /* Core Data and CloudKit Guide */,
				57262EAE253DBE40000CAA23 /* Core Data and CloudKit GuideTests */,
				57262EB9253DBE40000CAA23 /* Core Data and CloudKit GuideUITests */,
			);
		};
/* End PBXProject section */

/* Begin PBXResourcesBuildPhase section */
		57262E94253DBE3D000CAA23 /* Resources */ = {
			isa = PBXResourcesBuildPhase;
			buildActionMask = 2147483647;
			files = (
				57262EA6253DBE40000CAA23 /* Assets.xcassets in Resources */,
			);
			runOnlyForDeploymentPostprocessing = 0;
		};
		57262EAD253DBE40000CAA23 /* Resources */ = {
			isa = PBXResourcesBuildPhase;
			buildActionMask = 2147483647;
			files = (
			);
			runOnlyForDeploymentPostprocessing = 0;
		};
		57262EB8253DBE40000CAA23 /* Resources */ = {
			isa = PBXResourcesBuildPhase;
			buildActionMask = 2147483647;
			files = (
			);
			runOnlyForDeploymentPostprocessing = 0;
		};
/* End PBXResourcesBuildPhase section */

/* Begin PBXSourcesBuildPhase section */
		57262E92253DBE3D000CAA23 /* Sources */ = {
			isa = PBXSourcesBuildPhase;
			buildActionMask = 2147483647;
			files = (
				572A788A253F2DC600C85FC2 /* ListingViewController.swift in Sources */,
				572A786F253F2B1E00C85FC2 /* Segment+CoreDataClass.swift in Sources */,
				57262EA4253DBE3D000CAA23 /* Core_Data_and_CloudKit_Guide.xcdatamodeld in Sources */,
				572A7892253F2E1D00C85FC2 /* DetailView.swift in Sources */,
				572A7870253F2B1E00C85FC2 /* Segment+CoreDataProperties.swift in Sources */,
				57262E9E253DBE3D000CAA23 /* DetailViewController.swift in Sources */,
				573F54DC254071D700470D24 /* AddEditView.swift in Sources */,
				572A786D253F2B1E00C85FC2 /* Run+CoreDataClass.swift in Sources */,
				572A786E253F2B1E00C85FC2 /* Run+CoreDataProperties.swift in Sources */,
				573F54D72540714900470D24 /* AddEditViewController.swift in Sources */,
				57262E9A253DBE3D000CAA23 /* AppDelegate.swift in Sources */,
				573F54D2254065CC00470D24 /* RunTableViewCell.swift in Sources */,
				572A7897253F2E2800C85FC2 /* ListingView.swift in Sources */,
				57262E9C253DBE3D000CAA23 /* SceneDelegate.swift in Sources */,
			);
			runOnlyForDeploymentPostprocessing = 0;
		};
		57262EAB253DBE40000CAA23 /* Sources */ = {
			isa = PBXSourcesBuildPhase;
			buildActionMask = 2147483647;
			files = (
				57262EB4253DBE40000CAA23 /* Core_Data_and_CloudKit_GuideTests.swift in Sources */,
			);
			runOnlyForDeploymentPostprocessing = 0;
		};
		57262EB6253DBE40000CAA23 /* Sources */ = {
			isa = PBXSourcesBuildPhase;
			buildActionMask = 2147483647;
			files = (
				57262EBF253DBE40000CAA23 /* Core_Data_and_CloudKit_GuideUITests.swift in Sources */,
			);
			runOnlyForDeploymentPostprocessing = 0;
		};
/* End PBXSourcesBuildPhase section */

/* Begin PBXTargetDependency section */
		57262EB1253DBE40000CAA23 /* PBXTargetDependency */ = {
			isa = PBXTargetDependency;
			target = 57262E95253DBE3D000CAA23 /* Core Data and CloudKit Guide */;
			targetProxy = 57262EB0253DBE40000CAA23 /* PBXContainerItemProxy */;
		};
		57262EBC253DBE40000CAA23 /* PBXTargetDependency */ = {
			isa = PBXTargetDependency;
			target = 57262E95253DBE3D000CAA23 /* Core Data and CloudKit Guide */;
			targetProxy = 57262EBB253DBE40000CAA23 /* PBXContainerItemProxy */;
		};
/* End PBXTargetDependency section */

/* Begin XCBuildConfiguration section */
		57262EC1253DBE40000CAA23 /* Debug */ = {
			isa = XCBuildConfiguration;
			buildSettings = {
				ALWAYS_SEARCH_USER_PATHS = NO;
				CLANG_ANALYZER_NONNULL = YES;
				CLANG_ANALYZER_NUMBER_OBJECT_CONVERSION = YES_AGGRESSIVE;
				CLANG_CXX_LANGUAGE_STANDARD = "gnu++14";
				CLANG_CXX_LIBRARY = "libc++";
				CLANG_ENABLE_MODULES = YES;
				CLANG_ENABLE_OBJC_ARC = YES;
				CLANG_ENABLE_OBJC_WEAK = YES;
				CLANG_WARN_BLOCK_CAPTURE_AUTORELEASING = YES;
				CLANG_WARN_BOOL_CONVERSION = YES;
				CLANG_WARN_COMMA = YES;
				CLANG_WARN_CONSTANT_CONVERSION = YES;
				CLANG_WARN_DEPRECATED_OBJC_IMPLEMENTATIONS = YES;
				CLANG_WARN_DIRECT_OBJC_ISA_USAGE = YES_ERROR;
				CLANG_WARN_DOCUMENTATION_COMMENTS = YES;
				CLANG_WARN_EMPTY_BODY = YES;
				CLANG_WARN_ENUM_CONVERSION = YES;
				CLANG_WARN_INFINITE_RECURSION = YES;
				CLANG_WARN_INT_CONVERSION = YES;
				CLANG_WARN_NON_LITERAL_NULL_CONVERSION = YES;
				CLANG_WARN_OBJC_IMPLICIT_RETAIN_SELF = YES;
				CLANG_WARN_OBJC_LITERAL_CONVERSION = YES;
				CLANG_WARN_OBJC_ROOT_CLASS = YES_ERROR;
				CLANG_WARN_QUOTED_INCLUDE_IN_FRAMEWORK_HEADER = YES;
				CLANG_WARN_RANGE_LOOP_ANALYSIS = YES;
				CLANG_WARN_STRICT_PROTOTYPES = YES;
				CLANG_WARN_SUSPICIOUS_MOVE = YES;
				CLANG_WARN_UNGUARDED_AVAILABILITY = YES_AGGRESSIVE;
				CLANG_WARN_UNREACHABLE_CODE = YES;
				CLANG_WARN__DUPLICATE_METHOD_MATCH = YES;
				COPY_PHASE_STRIP = NO;
				DEBUG_INFORMATION_FORMAT = dwarf;
				ENABLE_STRICT_OBJC_MSGSEND = YES;
				ENABLE_TESTABILITY = YES;
				GCC_C_LANGUAGE_STANDARD = gnu11;
				GCC_DYNAMIC_NO_PIC = NO;
				GCC_NO_COMMON_BLOCKS = YES;
				GCC_OPTIMIZATION_LEVEL = 0;
				GCC_PREPROCESSOR_DEFINITIONS = (
					"DEBUG=1",
					"$(inherited)",
				);
				GCC_WARN_64_TO_32_BIT_CONVERSION = YES;
				GCC_WARN_ABOUT_RETURN_TYPE = YES_ERROR;
				GCC_WARN_UNDECLARED_SELECTOR = YES;
				GCC_WARN_UNINITIALIZED_AUTOS = YES_AGGRESSIVE;
				GCC_WARN_UNUSED_FUNCTION = YES;
				GCC_WARN_UNUSED_VARIABLE = YES;
				IPHONEOS_DEPLOYMENT_TARGET = 14.0;
				MTL_ENABLE_DEBUG_INFO = INCLUDE_SOURCE;
				MTL_FAST_MATH = YES;
				ONLY_ACTIVE_ARCH = YES;
				SDKROOT = iphoneos;
				SWIFT_ACTIVE_COMPILATION_CONDITIONS = DEBUG;
				SWIFT_OPTIMIZATION_LEVEL = "-Onone";
			};
			name = Debug;
		};
		57262EC2253DBE40000CAA23 /* Release */ = {
			isa = XCBuildConfiguration;
			buildSettings = {
				ALWAYS_SEARCH_USER_PATHS = NO;
				CLANG_ANALYZER_NONNULL = YES;
				CLANG_ANALYZER_NUMBER_OBJECT_CONVERSION = YES_AGGRESSIVE;
				CLANG_CXX_LANGUAGE_STANDARD = "gnu++14";
				CLANG_CXX_LIBRARY = "libc++";
				CLANG_ENABLE_MODULES = YES;
				CLANG_ENABLE_OBJC_ARC = YES;
				CLANG_ENABLE_OBJC_WEAK = YES;
				CLANG_WARN_BLOCK_CAPTURE_AUTORELEASING = YES;
				CLANG_WARN_BOOL_CONVERSION = YES;
				CLANG_WARN_COMMA = YES;
				CLANG_WARN_CONSTANT_CONVERSION = YES;
				CLANG_WARN_DEPRECATED_OBJC_IMPLEMENTATIONS = YES;
				CLANG_WARN_DIRECT_OBJC_ISA_USAGE = YES_ERROR;
				CLANG_WARN_DOCUMENTATION_COMMENTS = YES;
				CLANG_WARN_EMPTY_BODY = YES;
				CLANG_WARN_ENUM_CONVERSION = YES;
				CLANG_WARN_INFINITE_RECURSION = YES;
				CLANG_WARN_INT_CONVERSION = YES;
				CLANG_WARN_NON_LITERAL_NULL_CONVERSION = YES;
				CLANG_WARN_OBJC_IMPLICIT_RETAIN_SELF = YES;
				CLANG_WARN_OBJC_LITERAL_CONVERSION = YES;
				CLANG_WARN_OBJC_ROOT_CLASS = YES_ERROR;
				CLANG_WARN_QUOTED_INCLUDE_IN_FRAMEWORK_HEADER = YES;
				CLANG_WARN_RANGE_LOOP_ANALYSIS = YES;
				CLANG_WARN_STRICT_PROTOTYPES = YES;
				CLANG_WARN_SUSPICIOUS_MOVE = YES;
				CLANG_WARN_UNGUARDED_AVAILABILITY = YES_AGGRESSIVE;
				CLANG_WARN_UNREACHABLE_CODE = YES;
				CLANG_WARN__DUPLICATE_METHOD_MATCH = YES;
				COPY_PHASE_STRIP = NO;
				DEBUG_INFORMATION_FORMAT = "dwarf-with-dsym";
				ENABLE_NS_ASSERTIONS = NO;
				ENABLE_STRICT_OBJC_MSGSEND = YES;
				GCC_C_LANGUAGE_STANDARD = gnu11;
				GCC_NO_COMMON_BLOCKS = YES;
				GCC_WARN_64_TO_32_BIT_CONVERSION = YES;
				GCC_WARN_ABOUT_RETURN_TYPE = YES_ERROR;
				GCC_WARN_UNDECLARED_SELECTOR = YES;
				GCC_WARN_UNINITIALIZED_AUTOS = YES_AGGRESSIVE;
				GCC_WARN_UNUSED_FUNCTION = YES;
				GCC_WARN_UNUSED_VARIABLE = YES;
				IPHONEOS_DEPLOYMENT_TARGET = 14.0;
				MTL_ENABLE_DEBUG_INFO = NO;
				MTL_FAST_MATH = YES;
				SDKROOT = iphoneos;
				SWIFT_COMPILATION_MODE = wholemodule;
				SWIFT_OPTIMIZATION_LEVEL = "-O";
				VALIDATE_PRODUCT = YES;
			};
			name = Release;
		};
		57262EC4253DBE40000CAA23 /* Debug */ = {
			isa = XCBuildConfiguration;
			buildSettings = {
				ASSETCATALOG_COMPILER_APPICON_NAME = AppIcon;
				ASSETCATALOG_COMPILER_GLOBAL_ACCENT_COLOR_NAME = AccentColor;
				CODE_SIGN_ENTITLEMENTS = "Core Data and CloudKit Guide/Core Data and CloudKit Guide.entitlements";
				CODE_SIGN_STYLE = Automatic;
				DEVELOPMENT_TEAM = 828XYUZTZQ;
				INFOPLIST_FILE = "Core Data and CloudKit Guide/Info.plist";
				LD_RUNPATH_SEARCH_PATHS = (
					"$(inherited)",
					"@executable_path/Frameworks",
				);
				PRODUCT_BUNDLE_IDENTIFIER = "rudigus.Core-Data-and-CloudKit-Guide";
				PRODUCT_NAME = "$(TARGET_NAME)";
				SWIFT_VERSION = 5.0;
				TARGETED_DEVICE_FAMILY = "1,2";
			};
			name = Debug;
		};
		57262EC5253DBE40000CAA23 /* Release */ = {
			isa = XCBuildConfiguration;
			buildSettings = {
				ASSETCATALOG_COMPILER_APPICON_NAME = AppIcon;
				ASSETCATALOG_COMPILER_GLOBAL_ACCENT_COLOR_NAME = AccentColor;
				CODE_SIGN_ENTITLEMENTS = "Core Data and CloudKit Guide/Core Data and CloudKit Guide.entitlements";
				CODE_SIGN_STYLE = Automatic;
				DEVELOPMENT_TEAM = 828XYUZTZQ;
				INFOPLIST_FILE = "Core Data and CloudKit Guide/Info.plist";
				LD_RUNPATH_SEARCH_PATHS = (
					"$(inherited)",
					"@executable_path/Frameworks",
				);
				PRODUCT_BUNDLE_IDENTIFIER = "rudigus.Core-Data-and-CloudKit-Guide";
				PRODUCT_NAME = "$(TARGET_NAME)";
				SWIFT_VERSION = 5.0;
				TARGETED_DEVICE_FAMILY = "1,2";
			};
			name = Release;
		};
		57262EC7253DBE40000CAA23 /* Debug */ = {
			isa = XCBuildConfiguration;
			buildSettings = {
				ALWAYS_EMBED_SWIFT_STANDARD_LIBRARIES = YES;
				BUNDLE_LOADER = "$(TEST_HOST)";
				CODE_SIGN_STYLE = Automatic;
				DEVELOPMENT_TEAM = 828XYUZTZQ;
				INFOPLIST_FILE = "Core Data and CloudKit GuideTests/Info.plist";
				IPHONEOS_DEPLOYMENT_TARGET = 14.0;
				LD_RUNPATH_SEARCH_PATHS = (
					"$(inherited)",
					"@executable_path/Frameworks",
					"@loader_path/Frameworks",
				);
				PRODUCT_BUNDLE_IDENTIFIER = "rudigus.Core-Data-and-CloudKit-GuideTests";
				PRODUCT_NAME = "$(TARGET_NAME)";
				SWIFT_VERSION = 5.0;
				TARGETED_DEVICE_FAMILY = "1,2";
				TEST_HOST = "$(BUILT_PRODUCTS_DIR)/Core Data and CloudKit Guide.app/Core Data and CloudKit Guide";
			};
			name = Debug;
		};
		57262EC8253DBE40000CAA23 /* Release */ = {
			isa = XCBuildConfiguration;
			buildSettings = {
				ALWAYS_EMBED_SWIFT_STANDARD_LIBRARIES = YES;
				BUNDLE_LOADER = "$(TEST_HOST)";
				CODE_SIGN_STYLE = Automatic;
				DEVELOPMENT_TEAM = 828XYUZTZQ;
				INFOPLIST_FILE = "Core Data and CloudKit GuideTests/Info.plist";
				IPHONEOS_DEPLOYMENT_TARGET = 14.0;
				LD_RUNPATH_SEARCH_PATHS = (
					"$(inherited)",
					"@executable_path/Frameworks",
					"@loader_path/Frameworks",
				);
				PRODUCT_BUNDLE_IDENTIFIER = "rudigus.Core-Data-and-CloudKit-GuideTests";
				PRODUCT_NAME = "$(TARGET_NAME)";
				SWIFT_VERSION = 5.0;
				TARGETED_DEVICE_FAMILY = "1,2";
				TEST_HOST = "$(BUILT_PRODUCTS_DIR)/Core Data and CloudKit Guide.app/Core Data and CloudKit Guide";
			};
			name = Release;
		};
		57262ECA253DBE40000CAA23 /* Debug */ = {
			isa = XCBuildConfiguration;
			buildSettings = {
				ALWAYS_EMBED_SWIFT_STANDARD_LIBRARIES = YES;
				CODE_SIGN_STYLE = Automatic;
				DEVELOPMENT_TEAM = 828XYUZTZQ;
				INFOPLIST_FILE = "Core Data and CloudKit GuideUITests/Info.plist";
				LD_RUNPATH_SEARCH_PATHS = (
					"$(inherited)",
					"@executable_path/Frameworks",
					"@loader_path/Frameworks",
				);
				PRODUCT_BUNDLE_IDENTIFIER = "rudigus.Core-Data-and-CloudKit-GuideUITests";
				PRODUCT_NAME = "$(TARGET_NAME)";
				SWIFT_VERSION = 5.0;
				TARGETED_DEVICE_FAMILY = "1,2";
				TEST_TARGET_NAME = "Core Data and CloudKit Guide";
			};
			name = Debug;
		};
		57262ECB253DBE40000CAA23 /* Release */ = {
			isa = XCBuildConfiguration;
			buildSettings = {
				ALWAYS_EMBED_SWIFT_STANDARD_LIBRARIES = YES;
				CODE_SIGN_STYLE = Automatic;
				DEVELOPMENT_TEAM = 828XYUZTZQ;
				INFOPLIST_FILE = "Core Data and CloudKit GuideUITests/Info.plist";
				LD_RUNPATH_SEARCH_PATHS = (
					"$(inherited)",
					"@executable_path/Frameworks",
					"@loader_path/Frameworks",
				);
				PRODUCT_BUNDLE_IDENTIFIER = "rudigus.Core-Data-and-CloudKit-GuideUITests";
				PRODUCT_NAME = "$(TARGET_NAME)";
				SWIFT_VERSION = 5.0;
				TARGETED_DEVICE_FAMILY = "1,2";
				TEST_TARGET_NAME = "Core Data and CloudKit Guide";
			};
			name = Release;
		};
/* End XCBuildConfiguration section */

/* Begin XCConfigurationList section */
		57262E91253DBE3D000CAA23 /* Build configuration list for PBXProject "Core Data and CloudKit Guide" */ = {
			isa = XCConfigurationList;
			buildConfigurations = (
				57262EC1253DBE40000CAA23 /* Debug */,
				57262EC2253DBE40000CAA23 /* Release */,
			);
			defaultConfigurationIsVisible = 0;
			defaultConfigurationName = Release;
		};
		57262EC3253DBE40000CAA23 /* Build configuration list for PBXNativeTarget "Core Data and CloudKit Guide" */ = {
			isa = XCConfigurationList;
			buildConfigurations = (
				57262EC4253DBE40000CAA23 /* Debug */,
				57262EC5253DBE40000CAA23 /* Release */,
			);
			defaultConfigurationIsVisible = 0;
			defaultConfigurationName = Release;
		};
		57262EC6253DBE40000CAA23 /* Build configuration list for PBXNativeTarget "Core Data and CloudKit GuideTests" */ = {
			isa = XCConfigurationList;
			buildConfigurations = (
				57262EC7253DBE40000CAA23 /* Debug */,
				57262EC8253DBE40000CAA23 /* Release */,
			);
			defaultConfigurationIsVisible = 0;
			defaultConfigurationName = Release;
		};
		57262EC9253DBE40000CAA23 /* Build configuration list for PBXNativeTarget "Core Data and CloudKit GuideUITests" */ = {
			isa = XCConfigurationList;
			buildConfigurations = (
				57262ECA253DBE40000CAA23 /* Debug */,
				57262ECB253DBE40000CAA23 /* Release */,
			);
			defaultConfigurationIsVisible = 0;
			defaultConfigurationName = Release;
		};
/* End XCConfigurationList section */

/* Begin XCVersionGroup section */
		57262EA2253DBE3D000CAA23 /* Core_Data_and_CloudKit_Guide.xcdatamodeld */ = {
			isa = XCVersionGroup;
			children = (
				57262EA3253DBE3D000CAA23 /* Core_Data_and_CloudKit_Guide.xcdatamodel */,
			);
			currentVersion = 57262EA3253DBE3D000CAA23 /* Core_Data_and_CloudKit_Guide.xcdatamodel */;
			path = Core_Data_and_CloudKit_Guide.xcdatamodeld;
			sourceTree = "<group>";
			versionGroupType = wrapper.xcdatamodel;
		};
/* End XCVersionGroup section */
	};
	rootObject = 57262E8E253DBE3D000CAA23 /* Project object */;
}
